
Microsoft Visual Studio Solution File, Format Version 12.00
# Visual Studio Version 16
VisualStudioVersion = 16.0.29709.97
MinimumVisualStudioVersion = 10.0.40219.1
Project("{9A19103F-16F7-4668-BE54-9A1E7A4F7556}") = "ShopBridge.API", "ShopBridge.API\ShopBridge.API.csproj", "{26725DE9-C6AE-419B-BF63-5D373E00B4DB}"
EndProject
Project("{2150E333-8FDC-42A3-9474-1A3956D46DE8}") = "Core", "Core", "{1E4DA5C4-5D97-4AC5-B982-2157D026E137}"
EndProject
Project("{9A19103F-16F7-4668-BE54-9A1E7A4F7556}") = "DTOs", "DTOs\DTOs.csproj", "{0AC2A663-898B-4EC9-BD45-C9020D911C64}"
EndProject
Project("{9A19103F-16F7-4668-BE54-9A1E7A4F7556}") = "Entities", "Entities\Entities.csproj", "{1C514438-C51D-4984-B36F-F699D9FB45F8}"
EndProject
Project("{9A19103F-16F7-4668-BE54-9A1E7A4F7556}") = "Interfaces", "Interfaces\Interfaces.csproj", "{BEDD1655-65AD-4621-839C-F300E419E10F}"
EndProject
Project("{2150E333-8FDC-42A3-9474-1A3956D46DE8}") = "Infrastructure", "Infrastructure", "{59C92AC5-D040-4594-A99A-1D557DF6A072}"
EndProject
Project("{9A19103F-16F7-4668-BE54-9A1E7A4F7556}") = "DataAccess", "DataAccess\DataAccess.csproj", "{B45F78E9-41DC-4F21-B55E-98CF7434036F}"
EndProject
Project("{9A19103F-16F7-4668-BE54-9A1E7A4F7556}") = "Services", "Services\Services.csproj", "{EE75583C-43D6-4665-A205-3FD2BE3F2877}"
EndProject
Project("{9A19103F-16F7-4668-BE54-9A1E7A4F7556}") = "IOC", "IOC\IOC.csproj", "{5D5AD5D4-2759-420E-9CD8-7964D3E7E509}"
EndProject
Project("{2150E333-8FDC-42A3-9474-1A3956D46DE8}") = "Tests", "Tests", "{6C367A9B-780B-4F88-A6FA-3A3082BA4B46}"
EndProject
Project("{9A19103F-16F7-4668-BE54-9A1E7A4F7556}") = "ShopBridge.Tests", "ShopBridge.Test\ShopBridge.Tests.csproj", "{6734A353-CD02-4BBB-A287-F6C07A0738F6}"
EndProject
Project("{FAE04EC0-301F-11D3-BF4B-00C04F79EFBC}") = "Common", "Common\Common.csproj", "{027B4FFC-93D8-4B45-AD27-1D15E821DABE}"
EndProject
Global
	GlobalSection(SolutionConfigurationPlatforms) = preSolution
		Debug|Any CPU = Debug|Any CPU
		Release|Any CPU = Release|Any CPU
	EndGlobalSection
	GlobalSection(ProjectConfigurationPlatforms) = postSolution
		{26725DE9-C6AE-419B-BF63-5D373E00B4DB}.Debug|Any CPU.ActiveCfg = Debug|Any CPU
		{26725DE9-C6AE-419B-BF63-5D373E00B4DB}.Debug|Any CPU.Build.0 = Debug|Any CPU
		{26725DE9-C6AE-419B-BF63-5D373E00B4DB}.Release|Any CPU.ActiveCfg = Release|Any CPU
		{26725DE9-C6AE-419B-BF63-5D373E00B4DB}.Release|Any CPU.Build.0 = Release|Any CPU
		{0AC2A663-898B-4EC9-BD45-C9020D911C64}.Debug|Any CPU.ActiveCfg = Debug|Any CPU
		{0AC2A663-898B-4EC9-BD45-C9020D911C64}.Debug|Any CPU.Build.0 = Debug|Any CPU
		{0AC2A663-898B-4EC9-BD45-C9020D911C64}.Release|Any CPU.ActiveCfg = Release|Any CPU
		{0AC2A663-898B-4EC9-BD45-C9020D911C64}.Release|Any CPU.Build.0 = Release|Any CPU
		{1C514438-C51D-4984-B36F-F699D9FB45F8}.Debug|Any CPU.ActiveCfg = Debug|Any CPU
		{1C514438-C51D-4984-B36F-F699D9FB45F8}.Debug|Any CPU.Build.0 = Debug|Any CPU
		{1C514438-C51D-4984-B36F-F699D9FB45F8}.Release|Any CPU.ActiveCfg = Release|Any CPU
		{1C514438-C51D-4984-B36F-F699D9FB45F8}.Release|Any CPU.Build.0 = Release|Any CPU
		{BEDD1655-65AD-4621-839C-F300E419E10F}.Debug|Any CPU.ActiveCfg = Debug|Any CPU
		{BEDD1655-65AD-4621-839C-F300E419E10F}.Debug|Any CPU.Build.0 = Debug|Any CPU
		{BEDD1655-65AD-4621-839C-F300E419E10F}.Release|Any CPU.ActiveCfg = Release|Any CPU
		{BEDD1655-65AD-4621-839C-F300E419E10F}.Release|Any CPU.Build.0 = Release|Any CPU
		{B45F78E9-41DC-4F21-B55E-98CF7434036F}.Debug|Any CPU.ActiveCfg = Debug|Any CPU
		{B45F78E9-41DC-4F21-B55E-98CF7434036F}.Debug|Any CPU.Build.0 = Debug|Any CPU
		{B45F78E9-41DC-4F21-B55E-98CF7434036F}.Release|Any CPU.ActiveCfg = Release|Any CPU
		{B45F78E9-41DC-4F21-B55E-98CF7434036F}.Release|Any CPU.Build.0 = Release|Any CPU
		{EE75583C-43D6-4665-A205-3FD2BE3F2877}.Debug|Any CPU.ActiveCfg = Debug|Any CPU
		{EE75583C-43D6-4665-A205-3FD2BE3F2877}.Debug|Any CPU.Build.0 = Debug|Any CPU
		{EE75583C-43D6-4665-A205-3FD2BE3F2877}.Release|Any CPU.ActiveCfg = Release|Any CPU
		{EE75583C-43D6-4665-A205-3FD2BE3F2877}.Release|Any CPU.Build.0 = Release|Any CPU
		{5D5AD5D4-2759-420E-9CD8-7964D3E7E509}.Debug|Any CPU.ActiveCfg = Debug|Any CPU
		{5D5AD5D4-2759-420E-9CD8-7964D3E7E509}.Debug|Any CPU.Build.0 = Debug|Any CPU
		{5D5AD5D4-2759-420E-9CD8-7964D3E7E509}.Release|Any CPU.ActiveCfg = Release|Any CPU
		{5D5AD5D4-2759-420E-9CD8-7964D3E7E509}.Release|Any CPU.Build.0 = Release|Any CPU
		{6734A353-CD02-4BBB-A287-F6C07A0738F6}.Debug|Any CPU.ActiveCfg = Debug|Any CPU
		{6734A353-CD02-4BBB-A287-F6C07A0738F6}.Debug|Any CPU.Build.0 = Debug|Any CPU
		{6734A353-CD02-4BBB-A287-F6C07A0738F6}.Release|Any CPU.ActiveCfg = Release|Any CPU
		{6734A353-CD02-4BBB-A287-F6C07A0738F6}.Release|Any CPU.Build.0 = Release|Any CPU
		{027B4FFC-93D8-4B45-AD27-1D15E821DABE}.Debug|Any CPU.ActiveCfg = Debug|Any CPU
		{027B4FFC-93D8-4B45-AD27-1D15E821DABE}.Debug|Any CPU.Build.0 = Debug|Any CPU
		{027B4FFC-93D8-4B45-AD27-1D15E821DABE}.Release|Any CPU.ActiveCfg = Release|Any CPU
		{027B4FFC-93D8-4B45-AD27-1D15E821DABE}.Release|Any CPU.Build.0 = Release|Any CPU
	EndGlobalSection
	GlobalSection(SolutionProperties) = preSolution
		HideSolutionNode = FALSE
	EndGlobalSection
	GlobalSection(NestedProjects) = preSolution
		{0AC2A663-898B-4EC9-BD45-C9020D911C64} = {1E4DA5C4-5D97-4AC5-B982-2157D026E137}
		{1C514438-C51D-4984-B36F-F699D9FB45F8} = {1E4DA5C4-5D97-4AC5-B982-2157D026E137}
		{BEDD1655-65AD-4621-839C-F300E419E10F} = {1E4DA5C4-5D97-4AC5-B982-2157D026E137}
		{B45F78E9-41DC-4F21-B55E-98CF7434036F} = {59C92AC5-D040-4594-A99A-1D557DF6A072}
		{EE75583C-43D6-4665-A205-3FD2BE3F2877} = {1E4DA5C4-5D97-4AC5-B982-2157D026E137}
		{5D5AD5D4-2759-420E-9CD8-7964D3E7E509} = {1E4DA5C4-5D97-4AC5-B982-2157D026E137}
		{6734A353-CD02-4BBB-A287-F6C07A0738F6} = {6C367A9B-780B-4F88-A6FA-3A3082BA4B46}
		{027B4FFC-93D8-4B45-AD27-1D15E821DABE} = {1E4DA5C4-5D97-4AC5-B982-2157D026E137}
	EndGlobalSection
	GlobalSection(ExtensibilityGlobals) = postSolution
		SolutionGuid = {EFD4D4A7-D3DE-4EA9-B622-87A1386D9963}
	EndGlobalSection
EndGlobal
